
Microsoft Visual Studio Solution File, Format Version 12.00
# Visual Studio 2012
Project("{FAE04EC0-301F-11D3-BF4B-00C04F79EFBC}") = "Compact13WebBrowserVS", "Compact13WebBrowserVS.csproj", "{B7763F16-4071-4178-AFE8-034F20604307}"
EndProject
Global
	GlobalSection(SolutionConfigurationPlatforms) = preSolution
		Debug|Any CPU = Debug|Any CPU
		Release|Any CPU = Release|Any CPU
	EndGlobalSection
	GlobalSection(ProjectConfigurationPlatforms) = postSolution
		{B7763F16-4071-4178-AFE8-034F20604307}.Debug|Any CPU.ActiveCfg = Debug|Any CPU
		{B7763F16-4071-4178-AFE8-034F20604307}.Debug|Any CPU.Build.0 = Debug|Any CPU
		{B7763F16-4071-4178-AFE8-034F20604307}.Debug|Any CPU.Deploy.0 = Debug|Any CPU
		{B7763F16-4071-4178-AFE8-034F20604307}.Release|Any CPU.ActiveCfg = Release|Any CPU
		{B7763F16-4071-4178-AFE8-034F20604307}.Release|Any CPU.Build.0 = Release|Any CPU
		{B7763F16-4071-4178-AFE8-034F20604307}.Release|Any CPU.Deploy.0 = Release|Any CPU
	EndGlobalSection
	GlobalSection(SolutionProperties) = preSolution
		HideSolutionNode = FALSE
	EndGlobalSection
EndGlobal
